{
	"name": "thingy",
	"version": "1.0.0",
	"lockfileVersion": 1,
	"requires": true,
	"dependencies": {
		"bindings": {
			"version": "1.3.1",
			"resolved": "https://registry.npmjs.org/bindings/-/bindings-1.3.1.tgz",
			"integrity": "sha512-i47mqjF9UbjxJhxGf+pZ6kSxrnI3wBLlnGI2ArWJ4r0VrvDS7ZYXkprq/pLaBWYq4GM0r4zdHY+NNRqEMU7uew=="
		},
		"bluetooth-hci-socket": {
			"version": "0.5.1",
			"resolved": "https://registry.npmjs.org/bluetooth-hci-socket/-/bluetooth-hci-socket-0.5.1.tgz",
			"integrity": "sha1-774hUk/Bz10/rl1RNl1WHUq77Qs=",
			"optional": true,
			"requires": {
				"debug": "^2.2.0",
				"nan": "^2.0.5",
				"usb": "^1.1.0"
			}
		},
		"bplist-parser": {
			"version": "0.0.6",
			"resolved": "https://registry.npmjs.org/bplist-parser/-/bplist-parser-0.0.6.tgz",
			"integrity": "sha1-ONo0cYF9+dRKs4kuJ3B7u9daEbk=",
			"optional": true
		},
		"debug": {
			"version": "2.2.0",
			"resolved": "https://registry.npmjs.org/debug/-/debug-2.2.0.tgz",
			"integrity": "sha1-+HBX6ZWxofauaklgZkE3vFbwOdo=",
			"requires": {
				"ms": "0.7.1"
			}
		},
		"dragonchain-sdk": {
			"version": "4.2.0",
			"resolved": "https://registry.npmjs.org/dragonchain-sdk/-/dragonchain-sdk-4.2.0.tgz",
			"integrity": "sha512-u4tpqejSsxbizlTHykUrQ40oq9cMEe49s6vn50IpbTZHXG1gXijvpW7spDjdwInmmq33VyT3XZKRwI4jeupw0w==",
			"requires": {
				"ini": "^1.3.5",
				"node-fetch": "^2.6.0",
				"tslib": "^1.10.0"
			}
		},
		"ini": {
			"version": "1.3.5",
			"resolved": "https://registry.npmjs.org/ini/-/ini-1.3.5.tgz",
			"integrity": "sha512-RZY5huIKCMRWDUqZlEi72f/lmXKMvuszcMBduliQ3nnWbx9X/ZBQO7DijMEYS9EhHBb2qacRUMtC7svLwe0lcw=="
		},
		"ms": {
			"version": "0.7.1",
			"resolved": "https://registry.npmjs.org/ms/-/ms-0.7.1.tgz",
			"integrity": "sha1-nNE8A62/8ltl7/3nzoZO6VIBcJg="
		},
		"nan": {
			"version": "2.15.0",
			"resolved": "https://registry.npmjs.org/nan/-/nan-2.15.0.tgz",
			"integrity": "sha512-8ZtvEnA2c5aYCZYd1cvgdnU6cqwixRoYg70xPLWUws5ORTa/lnw+u4amixRS/Ac5U5mQVgp9pnlSUnbNWFaWZQ=="
		},
		"noble": {
			"version": "1.9.1",
			"resolved": "github:noble/noble#0f21b2d9c1c568ecf36d592763db33cd618fd801",
			"requires": {
				"bluetooth-hci-socket": "^0.5.1",
				"bplist-parser": "0.0.6",
				"debug": "~2.2.0",
				"xpc-connection": "~0.1.4"
			}
		},
		"noble-device": {
			"version": "1.4.1",
			"resolved": "https://registry.npmjs.org/noble-device/-/noble-device-1.4.1.tgz",
			"integrity": "sha1-ZzpucDzdli5zOdSpQO/LNJGAXuM=",
			"requires": {
				"noble": "^1.7.0"
			}
		},
		"node-addon-api": {
			"version": "4.3.0",
			"resolved": "https://registry.npmjs.org/node-addon-api/-/node-addon-api-4.3.0.tgz",
			"integrity": "sha512-73sE9+3UaLYYFmDsFZnqCInzPyh3MqIwZO9cw58yIqAZhONrrabrYyYe3TuIqtIiOuTXVhsGau8hcrhhwSsDIQ==",
			"optional": true
		},
		"node-fetch": {
			"version": "2.6.7",
			"resolved": "https://registry.npmjs.org/node-fetch/-/node-fetch-2.6.7.tgz",
			"integrity": "sha512-ZjMPFEfVx5j+y2yF35Kzx5sF7kDzxuDj6ziH4FFbOp87zKDZNx8yExJIb05OGF4Nlt9IHFIMBkRl41VdvcNdbQ==",
			"requires": {
				"whatwg-url": "^5.0.0"
			}
		},
		"node-gyp-build": {
			"version": "4.3.0",
			"resolved": "https://registry.npmjs.org/node-gyp-build/-/node-gyp-build-4.3.0.tgz",
			"integrity": "sha512-iWjXZvmboq0ja1pUGULQBexmxq8CV4xBhX7VDOTbL7ZR4FOowwY/VOtRxBN/yKxmdGoIp4j5ysNT4u3S2pDQ3Q==",
			"optional": true
		},
		"tr46": {
			"version": "0.0.3",
			"resolved": "https://registry.npmjs.org/tr46/-/tr46-0.0.3.tgz",
			"integrity": "sha1-gYT9NH2snNwYWZLzpmIuFLnZq2o="
		},
		"tslib": {
			"version": "1.10.0",
			"resolved": "https://registry.npmjs.org/tslib/-/tslib-1.10.0.tgz",
			"integrity": "sha512-qOebF53frne81cf0S9B41ByenJ3/IuH8yJKngAX35CmiZySA0khhkovshKK+jGCaMnVomla7gVlIcc3EvKPbTQ=="
		},
		"usb": {
			"version": "1.9.2",
			"resolved": "https://registry.npmjs.org/usb/-/usb-1.9.2.tgz",
			"integrity": "sha512-dryNz030LWBPAf6gj8vyq0Iev3vPbCLHCT8dBw3gQRXRzVNsIdeuU+VjPp3ksmSPkeMAl1k+kQ14Ij0QHyeiAg==",
			"optional": true,
			"requires": {
				"node-addon-api": "^4.2.0",
				"node-gyp-build": "^4.3.0"
			}
		},
		"webidl-conversions": {
			"version": "3.0.1",
			"resolved": "https://registry.npmjs.org/webidl-conversions/-/webidl-conversions-3.0.1.tgz",
			"integrity": "sha1-JFNCdeKnvGvnvIZhHMFq4KVlSHE="
		},
		"whatwg-url": {
			"version": "5.0.0",
			"resolved": "https://registry.npmjs.org/whatwg-url/-/whatwg-url-5.0.0.tgz",
			"integrity": "sha1-lmRU6HZUYuN2RNNib2dCzotwll0=",
			"requires": {
				"tr46": "~0.0.3",
				"webidl-conversions": "^3.0.0"
			}
		},
		"xpc-connection": {
			"version": "0.1.5",
			"resolved": "github:sandeepmistry/node-xpc-connection#8ff8b20e1146a1cb13cc57f9802593995014f31e",
			"requires": {
				"bindings": "~1.3.0",
				"nan": "^2.4.0"
			}
		}
	}
}
